
Microsoft Visual Studio Solution File, Format Version 12.00
# Visual Studio Version 17
VisualStudioVersion = 17.1.32328.378
MinimumVisualStudioVersion = 10.0.40219.1
Project("{FAE04EC0-301F-11D3-BF4B-00C04F79EFBC}") = "CustomerWeb", "CustomerWeb\CustomerWeb.csproj", "{C55BC31D-8BFA-4926-BB28-80D201A77A49}"
EndProject
Project("{FAE04EC0-301F-11D3-BF4B-00C04F79EFBC}") = "CustomerData", "CustomerData\CustomerData.csproj", "{2700AFEA-6283-41B1-ACC0-26D543638389}"
EndProject
Global
	GlobalSection(SolutionConfigurationPlatforms) = preSolution
		Debug|Any CPU = Debug|Any CPU
		Release|Any CPU = Release|Any CPU
	EndGlobalSection
	GlobalSection(ProjectConfigurationPlatforms) = postSolution
		{C55BC31D-8BFA-4926-BB28-80D201A77A49}.Debug|Any CPU.ActiveCfg = Debug|Any CPU
		{C55BC31D-8BFA-4926-BB28-80D201A77A49}.Debug|Any CPU.Build.0 = Debug|Any CPU
		{C55BC31D-8BFA-4926-BB28-80D201A77A49}.Release|Any CPU.ActiveCfg = Release|Any CPU
		{C55BC31D-8BFA-4926-BB28-80D201A77A49}.Release|Any CPU.Build.0 = Release|Any CPU
		{2700AFEA-6283-41B1-ACC0-26D543638389}.Debug|Any CPU.ActiveCfg = Debug|Any CPU
		{2700AFEA-6283-41B1-ACC0-26D543638389}.Debug|Any CPU.Build.0 = Debug|Any CPU
		{2700AFEA-6283-41B1-ACC0-26D543638389}.Release|Any CPU.ActiveCfg = Release|Any CPU
		{2700AFEA-6283-41B1-ACC0-26D543638389}.Release|Any CPU.Build.0 = Release|Any CPU
	EndGlobalSection
	GlobalSection(SolutionProperties) = preSolution
		HideSolutionNode = FALSE
	EndGlobalSection
	GlobalSection(ExtensibilityGlobals) = postSolution
		SolutionGuid = {90558625-FD59-4E3F-8997-B70D9E8C0E72}
	EndGlobalSection
EndGlobal
